# THIS IS AN AUTOGENERATED FILE. DO NOT EDIT THIS FILE DIRECTLY.
# yarn lockfile v1


"@types/react-calendar@^3.0.0":
  version "3.1.4"
  resolved "https://registry.yarnpkg.com/@types/react-calendar/-/react-calendar-3.1.4.tgz#7d6cb69eab5abfc93a870a025866bc67bf46c8c7"
  integrity sha512-7yDdyPnNaKqOIp97NmPhDxaXb7pBSag+pYWBtt+vBJyyqqiMMtXzv5bdEWjVN7AWmfWdmzGsP8kg+TzvGvwwQg==

"@wojtekmaj/date-utils@^1.0.0", "@wojtekmaj/date-utils@^1.0.2", "@wojtekmaj/date-utils@^1.0.3":
  version "1.0.3"
  resolved "https://registry.yarnpkg.com/@wojtekmaj/date-utils/-/date-utils-1.0.3.tgz#2dcfd92881425c5923e429c2aec86fb3609032a1"
  integrity sha512-1VPkkTBk07gMR1fjpBtse4G+oJqpmE+0gUFB0dg3VIL7qJmUVaBoD/vlzMm/jNeOPfvlmerl1lpnsZyBUFIRuw==

detect-element-overflow@^1.2.0:
  version "1.2.0"
  resolved "https://registry.yarnpkg.com/detect-element-overflow/-/detect-element-overflow-1.2.0.tgz#86e504292ffedc3aef813395fbdf0261aaf6afa9"
  integrity sha512-Jtr9ivYPhpd9OJux+hjL0QjUKiS1Ghgy8tvIufUjFslQgIWvgGr4mn57H190APbKkiOmXnmtMI6ytaKzMusecg==

get-user-locale@^1.2.0:
  version "1.4.0"
  resolved "https://registry.yarnpkg.com/get-user-locale/-/get-user-locale-1.4.0.tgz#a2c4b5da46feec9f03c9b07d197b1620490a5370"
  integrity sha512-gQo03lP1OArHLKlnoglqrGGl7b04u2EP9Xutmp72cMdtrrSD7ZgIsCsUKZynYWLDkVJW33Cj3pliP7uP0UonHQ==
  dependencies:
    lodash.once "^4.1.1"

"js-tokens@^3.0.0 || ^4.0.0":
  version "4.0.0"
  resolved "https://registry.yarnpkg.com/js-tokens/-/js-tokens-4.0.0.tgz#19203fb59991df98e3a287050d4647cdeaf32499"
  integrity sha512-RdJUflcE3cUzKiMqQgsCu06FPu9UdIJO0beYbPhHN4k6apgJtifcoCtT9bcxOpYBtpD2kCM6Sbzg4CausW/PKQ==

lodash.once@^4.1.1:
  version "4.1.1"
  resolved "https://registry.yarnpkg.com/lodash.once/-/lodash.once-4.1.1.tgz#0dd3971213c7c56df880977d504c88fb471a97ac"
  integrity sha1-DdOXEhPHxW34gJd9UEyI+0cal6w=

loose-envify@^1.4.0:
  version "1.4.0"
  resolved "https://registry.yarnpkg.com/loose-envify/-/loose-envify-1.4.0.tgz#71ee51fa7be4caec1a63839f7e682d8132d30caf"
  integrity sha512-lyuxPGr/Wfhrlem2CL/UcnUc1zcqKAImBDzukY7Y5F/yQiNdko6+fRLevlw1HgMySw7f611UIY408EtxRSoK3Q==
  dependencies:
    js-tokens "^3.0.0 || ^4.0.0"

make-event-props@^1.1.0:
  version "1.2.0"
  resolved "https://registry.yarnpkg.com/make-event-props/-/make-event-props-1.2.0.tgz#96b87d88919533b8f8934b58b4c3d5679459a0cf"
  integrity sha512-BmWFkm/jZzVH9A0tEBdkjAARUz/eha+5IRyfOndeSMKRadkgR5DawoBHoRwLxkYmjJOI5bHkXKpaZocxj+dKgg==

merge-class-names@^1.1.1:
  version "1.4.0"
  resolved "https://registry.yarnpkg.com/merge-class-names/-/merge-class-names-1.4.0.tgz#02edcdd5ff677fbb03b47ecd4586df89d697b81b"
  integrity sha512-xNdBM7s+6uD+vNZJEymqrFbMBCDGzoA8clZTcj2F1XIy1QQKF+wjFVv7iDZFfdCBnViTdt54A4Ye2lmBsXrBjQ==

object-assign@^4.1.1:
  version "4.1.1"
  resolved "https://registry.yarnpkg.com/object-assign/-/object-assign-4.1.1.tgz#2109adc7965887cfc05cbbd442cac8bfbb360863"
  integrity sha1-IQmtx5ZYh8/AXLvUQsrIv7s2CGM=

prop-types@^15.6.0:
  version "15.7.2"
  resolved "https://registry.yarnpkg.com/prop-types/-/prop-types-15.7.2.tgz#52c41e75b8c87e72b9d9360e0206b99dcbffa6c5"
  integrity sha512-8QQikdH7//R2vurIJSutZ1smHYTcLpRWEOlHnzcWHmBYrOGUysKwSsrC89BCiFj3CbrfJ/nXFdJepOVrY1GCHQ==
  dependencies:
    loose-envify "^1.4.0"
    object-assign "^4.1.1"
    react-is "^16.8.1"

react-calendar@^3.3.1:
  version "3.3.1"
  resolved "https://registry.yarnpkg.com/react-calendar/-/react-calendar-3.3.1.tgz#da691a5d59c88f178695fd8b33909a71d698021f"
  integrity sha512-iDIrhE0ABz3mChAIvA+5d2UtQGEb5oaUpLiEbrRdWHBYb45MhsbO59pG9HIy2uTdHkBF/nvzRV2JBmMfdg/0Qg==
  dependencies:
    "@wojtekmaj/date-utils" "^1.0.2"
    get-user-locale "^1.2.0"
    merge-class-names "^1.1.1"
    prop-types "^15.6.0"

react-clock@^3.0.0:
  version "3.0.0"
  resolved "https://registry.yarnpkg.com/react-clock/-/react-clock-3.0.0.tgz#0d29f8e682ef516574061d1d24b1a286cb2da89b"
  integrity sha512-D3K82D3YGcDtzxZCfiACLcDTL8cJXSgpdrzTY9ff3H5vflxlLzTSLF8apZRo6JZzOFrZQvw5mrS7TkQzj9nG0A==
  dependencies:
    "@wojtekmaj/date-utils" "^1.0.0"
    merge-class-names "^1.1.1"
    prop-types "^15.6.0"

react-date-picker@^8.1.0:
  version "8.1.1"
  resolved "https://registry.yarnpkg.com/react-date-picker/-/react-date-picker-8.1.1.tgz#1959608cd042c9bfcf2faa6d63a56e9ef6b17e2b"
  integrity sha512-kFhn+uSJML+EuROvR6qLYU5G3wsxrdB2K1ugh1t6HjJCjphE6ot85jb8THWebqWEcQi07pLseU7ZFpzKDD3A6A==
  dependencies:
    "@types/react-calendar" "^3.0.0"
    "@wojtekmaj/date-utils" "^1.0.3"
    get-user-locale "^1.2.0"
    make-event-props "^1.1.0"
    merge-class-names "^1.1.1"
    prop-types "^15.6.0"
    react-calendar "^3.3.1"
    react-fit "^1.0.3"
    update-input-width "^1.1.1"

react-datetime-picker@^3.2.0:
  version "3.2.0"
  resolved "https://registry.yarnpkg.com/react-datetime-picker/-/react-datetime-picker-3.2.0.tgz#eec4e8cda5c4f5621cbb1f6d0d4486f62da45913"
  integrity sha512-zmjm4olduGsgOXStePYAsqFD+Xy4dLMClBl87IVqh6ymFSLuOPgZzjmeLyqLsdb3lnXA8gdtpNXi0LNQkEX3ZQ==
  dependencies:
    "@wojtekmaj/date-utils" "^1.0.3"
    get-user-locale "^1.2.0"
    make-event-props "^1.1.0"
    merge-class-names "^1.1.1"
    prop-types "^15.6.0"
    react-calendar "^3.3.1"
    react-clock "^3.0.0"
    react-date-picker "^8.1.0"
    react-fit "^1.0.3"
    react-time-picker "^4.2.0"

react-fit@^1.0.3:
  version "1.3.1"
  resolved "https://registry.yarnpkg.com/react-fit/-/react-fit-1.3.1.tgz#850cb5d554fdfa4b27891f62a9d290d3e7eda57b"
  integrity sha512-MmVk/SXyVbxiz9peAeD7fWxFdGLoy/sCxte01M3w74regPIVkLqc2yT0wUAGRd1MNP1fQ40MqYKNBLpbK/aI1w==
  dependencies:
    detect-element-overflow "^1.2.0"
    prop-types "^15.6.0"

react-is@^16.8.1:
  version "16.13.1"
  resolved "https://registry.yarnpkg.com/react-is/-/react-is-16.13.1.tgz#789729a4dc36de2999dc156dd6c1d9c18cea56a4"
  integrity sha512-24e6ynE2H+OKt4kqsOvNd8kBpV65zoxbA4BVsEOB3ARVWQki/DHzaUoC5KuON/BiccDaCCTZBuOcfZs70kR8bQ==

react-time-picker@^4.2.0:
  version "4.2.1"
  resolved "https://registry.yarnpkg.com/react-time-picker/-/react-time-picker-4.2.1.tgz#b27f0bbc2e58534f20dbf10b14d0b8f3334fcb07"
  integrity sha512-T0aEabJ3bz54l8LV3pdpB5lOZuO3pRIbry5STcUV58UndlrWLcHpdpvS1IC8JLNXhbLxzGs1MmpASb5k1ddlsg==
  dependencies:
    "@wojtekmaj/date-utils" "^1.0.0"
    get-user-locale "^1.2.0"
    make-event-props "^1.1.0"
    merge-class-names "^1.1.1"
    prop-types "^15.6.0"
    react-clock "^3.0.0"
    react-fit "^1.0.3"
    update-input-width "^1.1.1"

update-input-width@^1.1.1:
  version "1.2.1"
  resolved "https://registry.yarnpkg.com/update-input-width/-/update-input-width-1.2.1.tgz#769d6182413590c3b50b52ffa9c65d79e2c17f95"
  integrity sha512-zygDshqDb2C2/kgfoD423n5htv/3OBF7aTaz2u2zZy998EJki8njOHOeZjKEd8XSYeDziIX1JXfMsKaIRJeJ/Q==
